
Microsoft Visual Studio Solution File, Format Version 12.00
# Visual Studio Version 16
VisualStudioVersion = 16.0.29728.190
MinimumVisualStudioVersion = 10.0.40219.1
Project("{FAE04EC0-301F-11D3-BF4B-00C04F79EFBC}") = "NullableTypes", "NullableTypes\NullableTypes.csproj", "{CBCD66AF-61CB-4F8A-8B7E-A981608108A6}"
EndProject
Global
	GlobalSection(SolutionConfigurationPlatforms) = preSolution
		Debug|Any CPU = Debug|Any CPU
		Release|Any CPU = Release|Any CPU
	EndGlobalSection
	GlobalSection(ProjectConfigurationPlatforms) = postSolution
		{CBCD66AF-61CB-4F8A-8B7E-A981608108A6}.Debug|Any CPU.ActiveCfg = Debug|Any CPU
		{CBCD66AF-61CB-4F8A-8B7E-A981608108A6}.Debug|Any CPU.Build.0 = Debug|Any CPU
		{CBCD66AF-61CB-4F8A-8B7E-A981608108A6}.Release|Any CPU.ActiveCfg = Release|Any CPU
		{CBCD66AF-61CB-4F8A-8B7E-A981608108A6}.Release|Any CPU.Build.0 = Release|Any CPU
	EndGlobalSection
	GlobalSection(SolutionProperties) = preSolution
		HideSolutionNode = FALSE
	EndGlobalSection
	GlobalSection(ExtensibilityGlobals) = postSolution
		SolutionGuid = {4E0264DA-45E5-41B0-885A-4C529584380D}
	EndGlobalSection
EndGlobal
